// !$*UTF8*$!
{
	archiveVersion = 1;
	classes = {
	};
	objectVersion = 46;
	objects = {

/* Begin PBXBuildFile section */
		05AB98CD4187C927829A7094 /* Accelerate.framework */ = {isa = PBXBuildFile; fileRef = 97512D55E1641A38143B5B6F; };
		0891ECDF85A8CDA95B8E4729 /* ModeMenu.cpp */ = {isa = PBXBuildFile; fileRef = 2C9CB3AD7137D5AC3D4F0145; };
		0D314AA06697F727F65ED296 /* QuartzCore.framework */ = {isa = PBXBuildFile; fileRef = A869BD09C5768C8CD3BC5147; };
		0E3C4C005B84A3166D14A164 /* include_juce_gui_basics.mm */ = {isa = PBXBuildFile; fileRef = DF6025C81AB0955D25295335; };
		15EBE01DEFD9A8E20734DD8A /* WebKit.framework */ = {isa = PBXBuildFile; fileRef = 2DB5A646669CC7BBEF71946F; };
		1C54FDC03171FCBFE3022DF3 /* include_juce_gui_extra.mm */ = {isa = PBXBuildFile; fileRef = BCFDBAD52A4D7EE4BC335D59; };
		1FEF9D0D11AF9B4B2F924BA1 /* Engine.cpp */ = {isa = PBXBuildFile; fileRef = A4E201877E5B8459FB5B7C1A; };
		2485CB36FB363800D7C0D181 /* MainMenu.cpp */ = {isa = PBXBuildFile; fileRef = E1C7046B730C3C06FEE408B0; };
		2C17C33ECCD3A2E866B5F35D /* Effect.cpp */ = {isa = PBXBuildFile; fileRef = 569F16B6141A60DAB794F377; };
		30036A3431A50F54B8E95ABA /* include_juce_audio_devices.mm */ = {isa = PBXBuildFile; fileRef = C8CD861EB0C193949B5290A7; };
		360639B97082A4C1965FA861 /* include_juce_graphics.mm */ = {isa = PBXBuildFile; fileRef = BAD69672F943AE131BDFBB3E; };
		37FE368C5B255838D1EB5383 /* CoreAudioKit.framework */ = {isa = PBXBuildFile; fileRef = C6A3645CA5DC778E1259A961; };
		39F4B5BAB7830FB613F5474A /* Context.cpp */ = {isa = PBXBuildFile; fileRef = 3F66F2025D6CA01E6A216E3A; };
		4C1C0A79867850BE5BF65E68 /* fnt09x09.cpp */ = {isa = PBXBuildFile; fileRef = 7C06D4B69B431FB84B7CC3A7; };
		55C3B9C5E0EBDFEA8D39AE1F /* CoreMIDI.framework */ = {isa = PBXBuildFile; fileRef = 34C8B7EE2043925113DA947E; };
		5744AA378381AF3EAC278546 /* include_juce_audio_formats.mm */ = {isa = PBXBuildFile; fileRef = D174F96BCE34CF2E2AA4057C; };
		59EB24CC4068C367F9135431 /* DiscRecording.framework */ = {isa = PBXBuildFile; fileRef = 46A7BFC0375227442070AC3C; };
		634F9F1A5E9B762F5D614802 /* include_juce_data_structures.mm */ = {isa = PBXBuildFile; fileRef = 0C8BE7C5CA59336E7CB20AEC; };
		6698B4613DF0408138CFBF1C /* Globals.cpp */ = {isa = PBXBuildFile; fileRef = 387A8344844BA29EFDE8B02D; };
		67BE29363E85678B35EF705A /* Security.framework */ = {isa = PBXBuildFile; fileRef = 19068693CA7F370DF1210191; };
		6E8876634BCC40446E3F7CD5 /* Cocoa.framework */ = {isa = PBXBuildFile; fileRef = 3115F4AF798B1D9D84B24283; };
		77E21DD46196151F97DB9C38 /* fnt08x08.cpp */ = {isa = PBXBuildFile; fileRef = 0847718B8FB90887C06DB247; };
		8DEBC3C26646ED9D2C04107E /* MainComponent.cpp */ = {isa = PBXBuildFile; fileRef = 960BD2B54AD2197FF5CA488B; };
		8EC8FA06E7C6F26512F0F77A /* fnt05x05.cpp */ = {isa = PBXBuildFile; fileRef = 1F0D3766CE81A36AFF37B5F5; };
		94675A9D13C491B32E729A9C /* include_juce_audio_processors_lv2_libs.cpp */ = {isa = PBXBuildFile; fileRef = 58F6F8D3E7B824C7B0F472D9; };
		A1950F03E09D2DC0F84C1CB4 /* include_juce_audio_processors_ara.cpp */ = {isa = PBXBuildFile; fileRef = 11EC50BD718D00E1DB8248C5; };
		A36473C4B5F88160B233F7FC /* Foundation.framework */ = {isa = PBXBuildFile; fileRef = 640895EFCB80A7C5F5F06858; };
		ADC0293C24B42099060CD0FF /* RecentFilesMenuTemplate.nib */ = {isa = PBXBuildFile; fileRef = 3577027293311B90A037D356; };
		BBD46521018D3132F42F4741 /* include_juce_audio_basics.mm */ = {isa = PBXBuildFile; fileRef = 21A3318F5FDFE7E1D1AE6558; };
		C01E659C251797848CA5B04F /* CoreAudio.framework */ = {isa = PBXBuildFile; fileRef = 9E465C30443F900DA9D8E9C4; };
		C266E7B14512B1D796479598 /* include_juce_events.mm */ = {isa = PBXBuildFile; fileRef = 02A8B691067189CC87745E4D; };
		C4BDD87550E3E69BF3EE0603 /* IOKit.framework */ = {isa = PBXBuildFile; fileRef = F20EBE7C6BB0264FBEFDF1FD; };
		CE5348C9DB3101F1AD9CA49B /* include_juce_audio_processors.mm */ = {isa = PBXBuildFile; fileRef = DF8CB2CA8E5A2A8FF2EA5E20; };
		CE94AF97C5E38153BBCEEF63 /* include_juce_audio_utils.mm */ = {isa = PBXBuildFile; fileRef = F0FBA0DF3BFDFE77B9A79E6A; };
		D24D39F83CDAAC7C76EE6F3E /* include_juce_dsp.mm */ = {isa = PBXBuildFile; fileRef = 2FDA177E56012EC2E2EF5683; };
		D57CA745531EF189F6D11125 /* App */ = {isa = PBXBuildFile; fileRef = 9811190B5243C0759852BBE8; };
		DC8BE130BCC62F9309307FD2 /* AudioToolbox.framework */ = {isa = PBXBuildFile; fileRef = E495D2C0D5DB7155F14B887B; };
		EB9E91DAB05E97D2ABE0BBF4 /* Display.cpp */ = {isa = PBXBuildFile; fileRef = 8D20F6D44136657534CF0296; };
		F00B12E83B05503CE8747428 /* include_juce_core.mm */ = {isa = PBXBuildFile; fileRef = 913ECDA88601FB758D5F861D; };
		F6518B548A28A83F531AA5AB /* Main.cpp */ = {isa = PBXBuildFile; fileRef = 9BE9FC52FD82678443055E6A; };
		FF6484327398DD99AB110AF9 /* State.cpp */ = {isa = PBXBuildFile; fileRef = F35C35DA1F2E1A08FFDD862C; };
/* End PBXBuildFile section */

/* Begin PBXFileReference section */
		00DCBAA58D9A8C37304DD3A3 /* Effect.h */ /* Effect.h */ = {isa = PBXFileReference; lastKnownFileType = sourcecode.c.h; name = Effect.h; path = ../../Source/Effect.h; sourceTree = SOURCE_ROOT; };
		02A8B691067189CC87745E4D /* include_juce_events.mm */ /* include_juce_events.mm */ = {isa = PBXFileReference; lastKnownFileType = sourcecode.cpp.objcpp; name = include_juce_events.mm; path = ../../JuceLibraryCode/include_juce_events.mm; sourceTree = SOURCE_ROOT; };
		0847718B8FB90887C06DB247 /* fnt08x08.cpp */ /* fnt08x08.cpp */ = {isa = PBXFileReference; lastKnownFileType = sourcecode.cpp.cpp; name = fnt08x08.cpp; path = ../../Source/fnt08x08.cpp; sourceTree = SOURCE_ROOT; };
		0C8BE7C5CA59336E7CB20AEC /* include_juce_data_structures.mm */ /* include_juce_data_structures.mm */ = {isa = PBXFileReference; lastKnownFileType = sourcecode.cpp.objcpp; name = include_juce_data_structures.mm; path = ../../JuceLibraryCode/include_juce_data_structures.mm; sourceTree = SOURCE_ROOT; };
		0ECF70E66936958C7FEB92A6 /* fnt08x08.h */ /* fnt08x08.h */ = {isa = PBXFileReference; lastKnownFileType = sourcecode.c.h; name = fnt08x08.h; path = ../../Source/fnt08x08.h; sourceTree = SOURCE_ROOT; };
		11EC50BD718D00E1DB8248C5 /* include_juce_audio_processors_ara.cpp */ /* include_juce_audio_processors_ara.cpp */ = {isa = PBXFileReference; lastKnownFileType = sourcecode.cpp.cpp; name = include_juce_audio_processors_ara.cpp; path = ../../JuceLibraryCode/include_juce_audio_processors_ara.cpp; sourceTree = SOURCE_ROOT; };
		175441F8112C12B445931D92 /* State.h */ /* State.h */ = {isa = PBXFileReference; lastKnownFileType = sourcecode.c.h; name = State.h; path = ../../Source/State.h; sourceTree = SOURCE_ROOT; };
		19068693CA7F370DF1210191 /* Security.framework */ /* Security.framework */ = {isa = PBXFileReference; lastKnownFileType = wrapper.framework; name = Security.framework; path = System/Library/Frameworks/Security.framework; sourceTree = SDKROOT; };
		1B39970F9A09368417D7BF2A /* juce_audio_utils */ /* juce_audio_utils */ = {isa = PBXFileReference; lastKnownFileType = folder; name = juce_audio_utils; path = "/Users/eclewlow/Downloads/JUCE-develop/modules/juce_audio_utils"; sourceTree = "<absolute>"; };
		1F0D3766CE81A36AFF37B5F5 /* fnt05x05.cpp */ /* fnt05x05.cpp */ = {isa = PBXFileReference; lastKnownFileType = sourcecode.cpp.cpp; name = fnt05x05.cpp; path = ../../Source/fnt05x05.cpp; sourceTree = SOURCE_ROOT; };
		20A1086281EDBAA2972C0873 /* Display.h */ /* Display.h */ = {isa = PBXFileReference; lastKnownFileType = sourcecode.c.h; name = Display.h; path = ../../Source/Display.h; sourceTree = SOURCE_ROOT; };
		21A3318F5FDFE7E1D1AE6558 /* include_juce_audio_basics.mm */ /* include_juce_audio_basics.mm */ = {isa = PBXFileReference; lastKnownFileType = sourcecode.cpp.objcpp; name = include_juce_audio_basics.mm; path = ../../JuceLibraryCode/include_juce_audio_basics.mm; sourceTree = SOURCE_ROOT; };
		23F8A190B5F67FA74BEB2611 /* fnt09x09.h */ /* fnt09x09.h */ = {isa = PBXFileReference; lastKnownFileType = sourcecode.c.h; name = fnt09x09.h; path = ../../Source/fnt09x09.h; sourceTree = SOURCE_ROOT; };
		25E284BA4EBB277BFD5600C5 /* juce_events */ /* juce_events */ = {isa = PBXFileReference; lastKnownFileType = folder; name = juce_events; path = "/Users/eclewlow/Downloads/JUCE-develop/modules/juce_events"; sourceTree = "<absolute>"; };
		2C9CB3AD7137D5AC3D4F0145 /* ModeMenu.cpp */ /* ModeMenu.cpp */ = {isa = PBXFileReference; lastKnownFileType = sourcecode.cpp.cpp; name = ModeMenu.cpp; path = ../../Source/ModeMenu.cpp; sourceTree = SOURCE_ROOT; };
		2D5AB9AC05C69AD7CCD30DA8 /* juce_audio_basics */ /* juce_audio_basics */ = {isa = PBXFileReference; lastKnownFileType = folder; name = juce_audio_basics; path = "/Users/eclewlow/Downloads/JUCE-develop/modules/juce_audio_basics"; sourceTree = "<absolute>"; };
		2DB5A646669CC7BBEF71946F /* WebKit.framework */ /* WebKit.framework */ = {isa = PBXFileReference; lastKnownFileType = wrapper.framework; name = WebKit.framework; path = System/Library/Frameworks/WebKit.framework; sourceTree = SDKROOT; };
		2FDA177E56012EC2E2EF5683 /* include_juce_dsp.mm */ /* include_juce_dsp.mm */ = {isa = PBXFileReference; lastKnownFileType = sourcecode.cpp.objcpp; name = include_juce_dsp.mm; path = ../../JuceLibraryCode/include_juce_dsp.mm; sourceTree = SOURCE_ROOT; };
		3115F4AF798B1D9D84B24283 /* Cocoa.framework */ /* Cocoa.framework */ = {isa = PBXFileReference; lastKnownFileType = wrapper.framework; name = Cocoa.framework; path = System/Library/Frameworks/Cocoa.framework; sourceTree = SDKROOT; };
		3370685DCB62A4A099266B90 /* ParameterInterpolator.h */ /* ParameterInterpolator.h */ = {isa = PBXFileReference; lastKnownFileType = sourcecode.c.h; name = ParameterInterpolator.h; path = ../../Source/ParameterInterpolator.h; sourceTree = SOURCE_ROOT; };
		338386F5E0EE97F5F12BF105 /* JuceHeader.h */ /* JuceHeader.h */ = {isa = PBXFileReference; lastKnownFileType = sourcecode.c.h; name = JuceHeader.h; path = ../../JuceLibraryCode/JuceHeader.h; sourceTree = SOURCE_ROOT; };
		34C8B7EE2043925113DA947E /* CoreMIDI.framework */ /* CoreMIDI.framework */ = {isa = PBXFileReference; lastKnownFileType = wrapper.framework; name = CoreMIDI.framework; path = System/Library/Frameworks/CoreMIDI.framework; sourceTree = SDKROOT; };
		3577027293311B90A037D356 /* RecentFilesMenuTemplate.nib */ /* RecentFilesMenuTemplate.nib */ = {isa = PBXFileReference; lastKnownFileType = file.nib; name = RecentFilesMenuTemplate.nib; path = RecentFilesMenuTemplate.nib; sourceTree = SOURCE_ROOT; };
		387A8344844BA29EFDE8B02D /* Globals.cpp */ /* Globals.cpp */ = {isa = PBXFileReference; lastKnownFileType = sourcecode.cpp.cpp; name = Globals.cpp; path = ../../Source/Globals.cpp; sourceTree = SOURCE_ROOT; };
		3D99097457744B2B8058B054 /* fnt05x05.h */ /* fnt05x05.h */ = {isa = PBXFileReference; lastKnownFileType = sourcecode.c.h; name = fnt05x05.h; path = ../../Source/fnt05x05.h; sourceTree = SOURCE_ROOT; };
		3F66F2025D6CA01E6A216E3A /* Context.cpp */ /* Context.cpp */ = {isa = PBXFileReference; lastKnownFileType = sourcecode.cpp.cpp; name = Context.cpp; path = ../../Source/Context.cpp; sourceTree = SOURCE_ROOT; };
		46A7BFC0375227442070AC3C /* DiscRecording.framework */ /* DiscRecording.framework */ = {isa = PBXFileReference; lastKnownFileType = wrapper.framework; name = DiscRecording.framework; path = System/Library/Frameworks/DiscRecording.framework; sourceTree = SDKROOT; };
		4D8B08DA73C4BA56C7E97697 /* ModeMenu.h */ /* ModeMenu.h */ = {isa = PBXFileReference; lastKnownFileType = sourcecode.c.h; name = ModeMenu.h; path = ../../Source/ModeMenu.h; sourceTree = SOURCE_ROOT; };
		569F16B6141A60DAB794F377 /* Effect.cpp */ /* Effect.cpp */ = {isa = PBXFileReference; lastKnownFileType = sourcecode.cpp.cpp; name = Effect.cpp; path = ../../Source/Effect.cpp; sourceTree = SOURCE_ROOT; };
		58F6F8D3E7B824C7B0F472D9 /* include_juce_audio_processors_lv2_libs.cpp */ /* include_juce_audio_processors_lv2_libs.cpp */ = {isa = PBXFileReference; lastKnownFileType = sourcecode.cpp.cpp; name = include_juce_audio_processors_lv2_libs.cpp; path = ../../JuceLibraryCode/include_juce_audio_processors_lv2_libs.cpp; sourceTree = SOURCE_ROOT; };
		5CA7FF03816180D973D8FA99 /* graphics.h */ /* graphics.h */ = {isa = PBXFileReference; lastKnownFileType = sourcecode.c.h; name = graphics.h; path = ../../Source/graphics.h; sourceTree = SOURCE_ROOT; };
		5FB484733083425843EF6434 /* Info-App.plist */ /* Info-App.plist */ = {isa = PBXFileReference; lastKnownFileType = text.plist.xml; name = "Info-App.plist"; path = "Info-App.plist"; sourceTree = SOURCE_ROOT; };
		640895EFCB80A7C5F5F06858 /* Foundation.framework */ /* Foundation.framework */ = {isa = PBXFileReference; lastKnownFileType = wrapper.framework; name = Foundation.framework; path = System/Library/Frameworks/Foundation.framework; sourceTree = SDKROOT; };
		709BB3D49CF795A1A0ED5467 /* juce_graphics */ /* juce_graphics */ = {isa = PBXFileReference; lastKnownFileType = folder; name = juce_graphics; path = "/Users/eclewlow/Downloads/JUCE-develop/modules/juce_graphics"; sourceTree = "<absolute>"; };
		7C06D4B69B431FB84B7CC3A7 /* fnt09x09.cpp */ /* fnt09x09.cpp */ = {isa = PBXFileReference; lastKnownFileType = sourcecode.cpp.cpp; name = fnt09x09.cpp; path = ../../Source/fnt09x09.cpp; sourceTree = SOURCE_ROOT; };
		7F48A71AEEE1A3B0DFA51103 /* juce_audio_formats */ /* juce_audio_formats */ = {isa = PBXFileReference; lastKnownFileType = folder; name = juce_audio_formats; path = "/Users/eclewlow/Downloads/JUCE-develop/modules/juce_audio_formats"; sourceTree = "<absolute>"; };
		84F39BABFD10552A847C58FC /* Globals.h */ /* Globals.h */ = {isa = PBXFileReference; lastKnownFileType = sourcecode.c.h; name = Globals.h; path = ../../Source/Globals.h; sourceTree = SOURCE_ROOT; };
		8B075495A200BE366B36BE74 /* juce_audio_devices */ /* juce_audio_devices */ = {isa = PBXFileReference; lastKnownFileType = folder; name = juce_audio_devices; path = "/Users/eclewlow/Downloads/JUCE-develop/modules/juce_audio_devices"; sourceTree = "<absolute>"; };
		8CBE321954AD7FE362AB5C82 /* MainMenu.h */ /* MainMenu.h */ = {isa = PBXFileReference; lastKnownFileType = sourcecode.c.h; name = MainMenu.h; path = ../../Source/MainMenu.h; sourceTree = SOURCE_ROOT; };
		8D20F6D44136657534CF0296 /* Display.cpp */ /* Display.cpp */ = {isa = PBXFileReference; lastKnownFileType = sourcecode.cpp.cpp; name = Display.cpp; path = ../../Source/Display.cpp; sourceTree = SOURCE_ROOT; };
		913ECDA88601FB758D5F861D /* include_juce_core.mm */ /* include_juce_core.mm */ = {isa = PBXFileReference; lastKnownFileType = sourcecode.cpp.objcpp; name = include_juce_core.mm; path = ../../JuceLibraryCode/include_juce_core.mm; sourceTree = SOURCE_ROOT; };
		960BD2B54AD2197FF5CA488B /* MainComponent.cpp */ /* MainComponent.cpp */ = {isa = PBXFileReference; lastKnownFileType = sourcecode.cpp.cpp; name = MainComponent.cpp; path = ../../Source/MainComponent.cpp; sourceTree = SOURCE_ROOT; };
		97512D55E1641A38143B5B6F /* Accelerate.framework */ /* Accelerate.framework */ = {isa = PBXFileReference; lastKnownFileType = wrapper.framework; name = Accelerate.framework; path = System/Library/Frameworks/Accelerate.framework; sourceTree = SDKROOT; };
		9811190B5243C0759852BBE8 /* App */ = {isa = PBXFileReference; explicitFileType = wrapper.application; includeInIndex = 0; path = Wavetable.app; sourceTree = BUILT_PRODUCTS_DIR; };
		9BE9FC52FD82678443055E6A /* Main.cpp */ /* Main.cpp */ = {isa = PBXFileReference; lastKnownFileType = sourcecode.cpp.cpp; name = Main.cpp; path = ../../Source/Main.cpp; sourceTree = SOURCE_ROOT; };
		9D1376B3612E1A0055B2AB2C /* MainComponent.h */ /* MainComponent.h */ = {isa = PBXFileReference; lastKnownFileType = sourcecode.c.h; name = MainComponent.h; path = ../../Source/MainComponent.h; sourceTree = SOURCE_ROOT; };
		9E465C30443F900DA9D8E9C4 /* CoreAudio.framework */ /* CoreAudio.framework */ = {isa = PBXFileReference; lastKnownFileType = wrapper.framework; name = CoreAudio.framework; path = System/Library/Frameworks/CoreAudio.framework; sourceTree = SDKROOT; };
		A28C1B2F9CA8CDA48EAB49E6 /* juce_dsp */ /* juce_dsp */ = {isa = PBXFileReference; lastKnownFileType = folder; name = juce_dsp; path = "/Users/eclewlow/Downloads/JUCE-develop/modules/juce_dsp"; sourceTree = "<absolute>"; };
		A4E201877E5B8459FB5B7C1A /* Engine.cpp */ /* Engine.cpp */ = {isa = PBXFileReference; lastKnownFileType = sourcecode.cpp.cpp; name = Engine.cpp; path = ../../Source/Engine.cpp; sourceTree = SOURCE_ROOT; };
		A7FA6FB14FDF2F5BA7565495 /* wavetables.h */ /* wavetables.h */ = {isa = PBXFileReference; lastKnownFileType = sourcecode.c.h; name = wavetables.h; path = ../../Source/wavetables.h; sourceTree = SOURCE_ROOT; };
		A869BD09C5768C8CD3BC5147 /* QuartzCore.framework */ /* QuartzCore.framework */ = {isa = PBXFileReference; lastKnownFileType = wrapper.framework; name = QuartzCore.framework; path = System/Library/Frameworks/QuartzCore.framework; sourceTree = SDKROOT; };
		BAD69672F943AE131BDFBB3E /* include_juce_graphics.mm */ /* include_juce_graphics.mm */ = {isa = PBXFileReference; lastKnownFileType = sourcecode.cpp.objcpp; name = include_juce_graphics.mm; path = ../../JuceLibraryCode/include_juce_graphics.mm; sourceTree = SOURCE_ROOT; };
		BCFDBAD52A4D7EE4BC335D59 /* include_juce_gui_extra.mm */ /* include_juce_gui_extra.mm */ = {isa = PBXFileReference; lastKnownFileType = sourcecode.cpp.objcpp; name = include_juce_gui_extra.mm; path = ../../JuceLibraryCode/include_juce_gui_extra.mm; sourceTree = SOURCE_ROOT; };
		C6A3645CA5DC778E1259A961 /* CoreAudioKit.framework */ /* CoreAudioKit.framework */ = {isa = PBXFileReference; lastKnownFileType = wrapper.framework; name = CoreAudioKit.framework; path = System/Library/Frameworks/CoreAudioKit.framework; sourceTree = SDKROOT; };
		C8CD861EB0C193949B5290A7 /* include_juce_audio_devices.mm */ /* include_juce_audio_devices.mm */ = {isa = PBXFileReference; lastKnownFileType = sourcecode.cpp.objcpp; name = include_juce_audio_devices.mm; path = ../../JuceLibraryCode/include_juce_audio_devices.mm; sourceTree = SOURCE_ROOT; };
		CABD10C759D0672536EE38FC /* juce_gui_basics */ /* juce_gui_basics */ = {isa = PBXFileReference; lastKnownFileType = folder; name = juce_gui_basics; path = "/Users/eclewlow/Downloads/JUCE-develop/modules/juce_gui_basics"; sourceTree = "<absolute>"; };
		CFAD738C1B0DF976BAA0FCE0 /* juce_core */ /* juce_core */ = {isa = PBXFileReference; lastKnownFileType = folder; name = juce_core; path = "/Users/eclewlow/Downloads/JUCE-develop/modules/juce_core"; sourceTree = "<absolute>"; };
		D174F96BCE34CF2E2AA4057C /* include_juce_audio_formats.mm */ /* include_juce_audio_formats.mm */ = {isa = PBXFileReference; lastKnownFileType = sourcecode.cpp.objcpp; name = include_juce_audio_formats.mm; path = ../../JuceLibraryCode/include_juce_audio_formats.mm; sourceTree = SOURCE_ROOT; };
		D729CF4B96FEF2F38CDF659D /* juce_audio_processors */ /* juce_audio_processors */ = {isa = PBXFileReference; lastKnownFileType = folder; name = juce_audio_processors; path = "/Users/eclewlow/Downloads/JUCE-develop/modules/juce_audio_processors"; sourceTree = "<absolute>"; };
		DC0E2C7031612704B4B7BCF7 /* juce_data_structures */ /* juce_data_structures */ = {isa = PBXFileReference; lastKnownFileType = folder; name = juce_data_structures; path = "/Users/eclewlow/Downloads/JUCE-develop/modules/juce_data_structures"; sourceTree = "<absolute>"; };
		DE0FBDC13BC88A0B2ACED1B6 /* Engine.h */ /* Engine.h */ = {isa = PBXFileReference; lastKnownFileType = sourcecode.c.h; name = Engine.h; path = ../../Source/Engine.h; sourceTree = SOURCE_ROOT; };
		DF6025C81AB0955D25295335 /* include_juce_gui_basics.mm */ /* include_juce_gui_basics.mm */ = {isa = PBXFileReference; lastKnownFileType = sourcecode.cpp.objcpp; name = include_juce_gui_basics.mm; path = ../../JuceLibraryCode/include_juce_gui_basics.mm; sourceTree = SOURCE_ROOT; };
		DF8CB2CA8E5A2A8FF2EA5E20 /* include_juce_audio_processors.mm */ /* include_juce_audio_processors.mm */ = {isa = PBXFileReference; lastKnownFileType = sourcecode.cpp.objcpp; name = include_juce_audio_processors.mm; path = ../../JuceLibraryCode/include_juce_audio_processors.mm; sourceTree = SOURCE_ROOT; };
		E1C7046B730C3C06FEE408B0 /* MainMenu.cpp */ /* MainMenu.cpp */ = {isa = PBXFileReference; lastKnownFileType = sourcecode.cpp.cpp; name = MainMenu.cpp; path = ../../Source/MainMenu.cpp; sourceTree = SOURCE_ROOT; };
		E495D2C0D5DB7155F14B887B /* AudioToolbox.framework */ /* AudioToolbox.framework */ = {isa = PBXFileReference; lastKnownFileType = wrapper.framework; name = AudioToolbox.framework; path = System/Library/Frameworks/AudioToolbox.framework; sourceTree = SDKROOT; };
		E50EC1842C1ADDB660EA7E1E /* Context.h */ /* Context.h */ = {isa = PBXFileReference; lastKnownFileType = sourcecode.c.h; name = Context.h; path = ../../Source/Context.h; sourceTree = SOURCE_ROOT; };
		ED2D1C0CC5349F48DDCB58EC /* juce_gui_extra */ /* juce_gui_extra */ = {isa = PBXFileReference; lastKnownFileType = folder; name = juce_gui_extra; path = "/Users/eclewlow/Downloads/JUCE-develop/modules/juce_gui_extra"; sourceTree = "<absolute>"; };
		F0FBA0DF3BFDFE77B9A79E6A /* include_juce_audio_utils.mm */ /* include_juce_audio_utils.mm */ = {isa = PBXFileReference; lastKnownFileType = sourcecode.cpp.objcpp; name = include_juce_audio_utils.mm; path = ../../JuceLibraryCode/include_juce_audio_utils.mm; sourceTree = SOURCE_ROOT; };
		F20EBE7C6BB0264FBEFDF1FD /* IOKit.framework */ /* IOKit.framework */ = {isa = PBXFileReference; lastKnownFileType = wrapper.framework; name = IOKit.framework; path = System/Library/Frameworks/IOKit.framework; sourceTree = SDKROOT; };
		F35C35DA1F2E1A08FFDD862C /* State.cpp */ /* State.cpp */ = {isa = PBXFileReference; lastKnownFileType = sourcecode.cpp.cpp; name = State.cpp; path = ../../Source/State.cpp; sourceTree = SOURCE_ROOT; };
/* End PBXFileReference section */

/* Begin PBXFrameworksBuildPhase section */
		FEF9C5BE668F7060A12553C5 = {
			isa = PBXFrameworksBuildPhase;
			buildActionMask = 2147483647;
			files = (
				05AB98CD4187C927829A7094,
				DC8BE130BCC62F9309307FD2,
				6E8876634BCC40446E3F7CD5,
				C01E659C251797848CA5B04F,
				37FE368C5B255838D1EB5383,
				55C3B9C5E0EBDFEA8D39AE1F,
				59EB24CC4068C367F9135431,
				A36473C4B5F88160B233F7FC,
				C4BDD87550E3E69BF3EE0603,
				0D314AA06697F727F65ED296,
				67BE29363E85678B35EF705A,
				15EBE01DEFD9A8E20734DD8A,
			);
			runOnlyForDeploymentPostprocessing = 0;
		};
/* End PBXFrameworksBuildPhase section */

/* Begin PBXGroup section */
		21B57F3B67F89F5A1DA31B1B /* DSP */ = {
			isa = PBXGroup;
			children = (
				569F16B6141A60DAB794F377,
				00DCBAA58D9A8C37304DD3A3,
				A4E201877E5B8459FB5B7C1A,
				DE0FBDC13BC88A0B2ACED1B6,
				3370685DCB62A4A099266B90,
			);
			name = DSP;
			sourceTree = "<group>";
		};
		43B2CD9534E6D532F122505D /* JUCE Modules */ = {
			isa = PBXGroup;
			children = (
				2D5AB9AC05C69AD7CCD30DA8,
				8B075495A200BE366B36BE74,
				7F48A71AEEE1A3B0DFA51103,
				D729CF4B96FEF2F38CDF659D,
				1B39970F9A09368417D7BF2A,
				CFAD738C1B0DF976BAA0FCE0,
				DC0E2C7031612704B4B7BCF7,
				A28C1B2F9CA8CDA48EAB49E6,
				25E284BA4EBB277BFD5600C5,
				709BB3D49CF795A1A0ED5467,
				CABD10C759D0672536EE38FC,
				ED2D1C0CC5349F48DDCB58EC,
			);
			name = "JUCE Modules";
			sourceTree = "<group>";
		};
		67F93BF13E5B4F4FF053BD13 /* Frameworks */ = {
			isa = PBXGroup;
			children = (
				97512D55E1641A38143B5B6F,
				E495D2C0D5DB7155F14B887B,
				3115F4AF798B1D9D84B24283,
				9E465C30443F900DA9D8E9C4,
				C6A3645CA5DC778E1259A961,
				34C8B7EE2043925113DA947E,
				46A7BFC0375227442070AC3C,
				640895EFCB80A7C5F5F06858,
				F20EBE7C6BB0264FBEFDF1FD,
				A869BD09C5768C8CD3BC5147,
				19068693CA7F370DF1210191,
				2DB5A646669CC7BBEF71946F,
			);
			name = Frameworks;
			sourceTree = "<group>";
		};
		803B61366573C6420C454F31 /* Wavetable */ = {
			isa = PBXGroup;
			children = (
				BB1541237E9029031C98BCCC,
			);
			name = Wavetable;
			sourceTree = "<group>";
		};
		8079495F12D71EED224792AB /* Products */ = {
			isa = PBXGroup;
			children = (
				9811190B5243C0759852BBE8,
			);
			name = Products;
			sourceTree = "<group>";
		};
		BB1541237E9029031C98BCCC /* Source */ = {
			isa = PBXGroup;
			children = (
				21B57F3B67F89F5A1DA31B1B,
				387A8344844BA29EFDE8B02D,
				84F39BABFD10552A847C58FC,
				FA9CB1F64902DF71FFB16223,
				3F66F2025D6CA01E6A216E3A,
				E50EC1842C1ADDB660EA7E1E,
				F35C35DA1F2E1A08FFDD862C,
				175441F8112C12B445931D92,
				A7FA6FB14FDF2F5BA7565495,
				5CA7FF03816180D973D8FA99,
				7C06D4B69B431FB84B7CC3A7,
				23F8A190B5F67FA74BEB2611,
				1F0D3766CE81A36AFF37B5F5,
				3D99097457744B2B8058B054,
				0847718B8FB90887C06DB247,
				0ECF70E66936958C7FEB92A6,
				9BE9FC52FD82678443055E6A,
				9D1376B3612E1A0055B2AB2C,
				960BD2B54AD2197FF5CA488B,
				8D20F6D44136657534CF0296,
				20A1086281EDBAA2972C0873,
			);
			name = Source;
			sourceTree = "<group>";
		};
		ECDC78D6AA0FCD1EAA1D1242 /* JUCE Library Code */ = {
			isa = PBXGroup;
			children = (
				21A3318F5FDFE7E1D1AE6558,
				C8CD861EB0C193949B5290A7,
				D174F96BCE34CF2E2AA4057C,
				DF8CB2CA8E5A2A8FF2EA5E20,
				11EC50BD718D00E1DB8248C5,
				58F6F8D3E7B824C7B0F472D9,
				F0FBA0DF3BFDFE77B9A79E6A,
				913ECDA88601FB758D5F861D,
				0C8BE7C5CA59336E7CB20AEC,
				2FDA177E56012EC2E2EF5683,
				02A8B691067189CC87745E4D,
				BAD69672F943AE131BDFBB3E,
				DF6025C81AB0955D25295335,
				BCFDBAD52A4D7EE4BC335D59,
				338386F5E0EE97F5F12BF105,
			);
			name = "JUCE Library Code";
			sourceTree = "<group>";
		};
		F67F5731E1257EFEA6A5654C /* Resources */ = {
			isa = PBXGroup;
			children = (
				5FB484733083425843EF6434,
				3577027293311B90A037D356,
			);
			name = Resources;
			sourceTree = "<group>";
		};
		F6DF53B59805040E56CCBE36 /* Source */ = {
			isa = PBXGroup;
			children = (
				803B61366573C6420C454F31,
				43B2CD9534E6D532F122505D,
				ECDC78D6AA0FCD1EAA1D1242,
				F67F5731E1257EFEA6A5654C,
				67F93BF13E5B4F4FF053BD13,
				8079495F12D71EED224792AB,
			);
			name = Source;
			sourceTree = "<group>";
		};
		FA9CB1F64902DF71FFB16223 /* Menu */ = {
			isa = PBXGroup;
			children = (
				E1C7046B730C3C06FEE408B0,
				8CBE321954AD7FE362AB5C82,
				2C9CB3AD7137D5AC3D4F0145,
				4D8B08DA73C4BA56C7E97697,
			);
			name = Menu;
			sourceTree = "<group>";
		};
/* End PBXGroup section */

/* Begin PBXNativeTarget section */
		A8609EB469AD846BEF17227E /* Wavetable - App */ = {
			isa = PBXNativeTarget;
			buildConfigurationList = D337F753B90D00CA2979E30E;
			buildPhases = (
				2485788777A797E49771AB9D,
				C4BC9CAAA6168251866FE4B7,
				FEF9C5BE668F7060A12553C5,
			);
			buildRules = (
			);
			dependencies = (
			);
			name = "Wavetable - App";
			productName = Wavetable;
			productReference = 9811190B5243C0759852BBE8;
			productType = "com.apple.product-type.application";
		};
/* End PBXNativeTarget section */

/* Begin PBXProject section */
		166A52FAE7AC61FA2A36C6E4 = {
			isa = PBXProject;
			attributes = {
				LastUpgradeCheck = 1340;
				ORGANIZATIONNAME = "";
				TargetAttributes = {
					A8609EB469AD846BEF17227E = {
						SystemCapabilities = {
							com.apple.ApplicationGroups.iOS = {
								enabled = 0;
							};
							com.apple.HardenedRuntime = {
								enabled = 0;
							};
							com.apple.InAppPurchase = {
								enabled = 0;
							};
							com.apple.InterAppAudio = {
								enabled = 0;
							};
							com.apple.Push = {
								enabled = 0;
							};
							com.apple.Sandbox = {
								enabled = 0;
							};
						};
					};
				};
			};
			buildConfigurationList = 470C0315B0FEE5D656BC67C2;
			compatibilityVersion = "Xcode 3.2";
			hasScannedForEncodings = 0;
			knownRegions = (
				en,
				Base,
			);
			mainGroup = F6DF53B59805040E56CCBE36;
			projectDirPath = "";
			projectRoot = "";
			targets = (
				A8609EB469AD846BEF17227E,
			);
		};
/* End PBXProject section */

/* Begin PBXResourcesBuildPhase section */
		2485788777A797E49771AB9D = {
			isa = PBXResourcesBuildPhase;
			buildActionMask = 2147483647;
			files = (
				ADC0293C24B42099060CD0FF,
			);
			runOnlyForDeploymentPostprocessing = 0;
		};
/* End PBXResourcesBuildPhase section */

/* Begin PBXSourcesBuildPhase section */
		C4BC9CAAA6168251866FE4B7 = {
			isa = PBXSourcesBuildPhase;
			buildActionMask = 2147483647;
			files = (
				2C17C33ECCD3A2E866B5F35D,
				1FEF9D0D11AF9B4B2F924BA1,
				6698B4613DF0408138CFBF1C,
				2485CB36FB363800D7C0D181,
				0891ECDF85A8CDA95B8E4729,
				39F4B5BAB7830FB613F5474A,
				FF6484327398DD99AB110AF9,
				4C1C0A79867850BE5BF65E68,
				8EC8FA06E7C6F26512F0F77A,
				77E21DD46196151F97DB9C38,
				F6518B548A28A83F531AA5AB,
				8DEBC3C26646ED9D2C04107E,
				EB9E91DAB05E97D2ABE0BBF4,
				BBD46521018D3132F42F4741,
				30036A3431A50F54B8E95ABA,
				5744AA378381AF3EAC278546,
				CE5348C9DB3101F1AD9CA49B,
				A1950F03E09D2DC0F84C1CB4,
				94675A9D13C491B32E729A9C,
				CE94AF97C5E38153BBCEEF63,
				F00B12E83B05503CE8747428,
				634F9F1A5E9B762F5D614802,
				D24D39F83CDAAC7C76EE6F3E,
				C266E7B14512B1D796479598,
				360639B97082A4C1965FA861,
				0E3C4C005B84A3166D14A164,
				1C54FDC03171FCBFE3022DF3,
			);
			runOnlyForDeploymentPostprocessing = 0;
		};
/* End PBXSourcesBuildPhase section */

/* Begin XCBuildConfiguration section */
		1657F2CDA1D61B716C404C3F /* Release */ = {
			isa = XCBuildConfiguration;
			buildSettings = {
				CLANG_CXX_LANGUAGE_STANDARD = "c++17";
				CLANG_CXX_LIBRARY = "libc++";
				CLANG_LINK_OBJC_RUNTIME = NO;
				COMBINE_HIDPI_IMAGES = YES;
				CONFIGURATION_BUILD_DIR = "$(PROJECT_DIR)/build/$(CONFIGURATION)";
				DEAD_CODE_STRIPPING = YES;
				EXCLUDED_ARCHS = "";
				GCC_GENERATE_DEBUGGING_SYMBOLS = NO;
				GCC_OPTIMIZATION_LEVEL = 3;
				GCC_PREPROCESSOR_DEFINITIONS = (
					"_NDEBUG=1",
					"NDEBUG=1",
					"JUCE_DISPLAY_SPLASH_SCREEN=1",
					"JUCE_USE_DARK_SPLASH_SCREEN=1",
					"JUCE_PROJUCER_VERSION=0x70005",
					"JUCE_MODULE_AVAILABLE_juce_audio_basics=1",
					"JUCE_MODULE_AVAILABLE_juce_audio_devices=1",
					"JUCE_MODULE_AVAILABLE_juce_audio_formats=1",
					"JUCE_MODULE_AVAILABLE_juce_audio_processors=1",
					"JUCE_MODULE_AVAILABLE_juce_audio_utils=1",
					"JUCE_MODULE_AVAILABLE_juce_core=1",
					"JUCE_MODULE_AVAILABLE_juce_data_structures=1",
					"JUCE_MODULE_AVAILABLE_juce_dsp=1",
					"JUCE_MODULE_AVAILABLE_juce_events=1",
					"JUCE_MODULE_AVAILABLE_juce_graphics=1",
					"JUCE_MODULE_AVAILABLE_juce_gui_basics=1",
					"JUCE_MODULE_AVAILABLE_juce_gui_extra=1",
					"JUCE_GLOBAL_MODULE_SETTINGS_INCLUDED=1",
					"JUCE_STRICT_REFCOUNTEDPOINTER=1",
					"JUCE_STANDALONE_APPLICATION=1",
					"JUCE_USE_CUSTOM_PLUGIN_STANDALONE_APP=1",
					"JUCER_XCODE_MAC_F6D2F4CF=1",
					"JUCE_APP_VERSION=1.0.0",
					"JUCE_APP_VERSION_HEX=0x10000",
					"JucePlugin_Build_VST=0",
					"JucePlugin_Build_VST3=0",
					"JucePlugin_Build_AU=0",
					"JucePlugin_Build_AUv3=0",
					"JucePlugin_Build_AAX=0",
					"JucePlugin_Build_Standalone=0",
					"JucePlugin_Build_Unity=0",
					"JucePlugin_Build_LV2=0",
				);
				GCC_VERSION = com.apple.compilers.llvm.clang.1_0;
				HEADER_SEARCH_PATHS = (
					"$(SRCROOT)/../../JuceLibraryCode",
					"/Users/eclewlow/Downloads/JUCE-develop/modules",
					"$(inherited)",
				);
				INFOPLIST_FILE = Info-App.plist;
				INFOPLIST_PREPROCESS = NO;
				INSTALL_PATH = "$(HOME)/Applications";
				LLVM_LTO = YES;
				MACOSX_DEPLOYMENT_TARGET = 10.13;
				MTL_HEADER_SEARCH_PATHS = "$(SRCROOT)/../../JuceLibraryCode /Users/eclewlow/Downloads/JUCE-develop/modules";
				OTHER_LDFLAGS = "-weak_framework Metal -weak_framework MetalKit";
				PRODUCT_BUNDLE_IDENTIFIER = com.yourcompany.Wavetable;
				PRODUCT_NAME = "Wavetable";
				USE_HEADERMAP = NO;
				VALID_ARCHS = "i386 x86_64 arm64 arm64e";
			};
			name = Release;
		};
		6783C4F8FE988CA05B0ED27D /* Release */ = {
			isa = XCBuildConfiguration;
			buildSettings = {
				ALWAYS_SEARCH_USER_PATHS = NO;
				CLANG_ENABLE_OBJC_WEAK = YES;
				CLANG_WARN_BLOCK_CAPTURE_AUTORELEASING = YES;
				CLANG_WARN_BOOL_CONVERSION = YES;
				CLANG_WARN_COMMA = YES;
				CLANG_WARN_CONSTANT_CONVERSION = YES;
				CLANG_WARN_DEPRECATED_OBJC_IMPLEMENTATIONS = YES;
				CLANG_WARN_EMPTY_BODY = YES;
				CLANG_WARN_ENUM_CONVERSION = YES;
				CLANG_WARN_INFINITE_RECURSION = YES;
				CLANG_WARN_INT_CONVERSION = YES;
				CLANG_WARN_NON_LITERAL_NULL_CONVERSION = YES;
				CLANG_WARN_OBJC_IMPLICIT_RETAIN_SELF = YES;
				CLANG_WARN_OBJC_LITERAL_CONVERSION = YES;
				CLANG_WARN_RANGE_LOOP_ANALYSIS = YES;
				CLANG_WARN_STRICT_PROTOTYPES = YES;
				CLANG_WARN_SUSPICIOUS_MOVE = YES;
				CLANG_WARN_UNREACHABLE_CODE = YES;
				CLANG_WARN__DUPLICATE_METHOD_MATCH = YES;
				DEBUG_INFORMATION_FORMAT = dwarf;
				ENABLE_STRICT_OBJC_MSGSEND = YES;
				ENABLE_TESTABILITY = NO;
				GCC_C_LANGUAGE_STANDARD = c11;
				GCC_INLINES_ARE_PRIVATE_EXTERN = YES;
				GCC_MODEL_TUNING = G5;
				GCC_NO_COMMON_BLOCKS = YES;
				GCC_SYMBOLS_PRIVATE_EXTERN = YES;
				GCC_WARN_64_TO_32_BIT_CONVERSION = YES;
				GCC_WARN_ABOUT_RETURN_TYPE = YES;
				GCC_WARN_CHECK_SWITCH_STATEMENTS = YES;
				GCC_WARN_MISSING_PARENTHESES = YES;
				GCC_WARN_NON_VIRTUAL_DESTRUCTOR = YES;
				GCC_WARN_TYPECHECK_CALLS_TO_PRINTF = YES;
				GCC_WARN_UNDECLARED_SELECTOR = YES;
				GCC_WARN_UNINITIALIZED_AUTOS = YES;
				GCC_WARN_UNUSED_FUNCTION = YES;
				GCC_WARN_UNUSED_VARIABLE = YES;
				PRODUCT_NAME = "Wavetable";
				SDKROOT = macosx;
				WARNING_CFLAGS = "-Wreorder";
				ZERO_LINK = NO;
			};
			name = Release;
		};
		712EF60C55D97B6CB34CC0B1 /* Debug */ = {
			isa = XCBuildConfiguration;
			buildSettings = {
				ALWAYS_SEARCH_USER_PATHS = NO;
				CLANG_ENABLE_OBJC_WEAK = YES;
				CLANG_WARN_BLOCK_CAPTURE_AUTORELEASING = YES;
				CLANG_WARN_BOOL_CONVERSION = YES;
				CLANG_WARN_COMMA = YES;
				CLANG_WARN_CONSTANT_CONVERSION = YES;
				CLANG_WARN_DEPRECATED_OBJC_IMPLEMENTATIONS = YES;
				CLANG_WARN_EMPTY_BODY = YES;
				CLANG_WARN_ENUM_CONVERSION = YES;
				CLANG_WARN_INFINITE_RECURSION = YES;
				CLANG_WARN_INT_CONVERSION = YES;
				CLANG_WARN_NON_LITERAL_NULL_CONVERSION = YES;
				CLANG_WARN_OBJC_IMPLICIT_RETAIN_SELF = YES;
				CLANG_WARN_OBJC_LITERAL_CONVERSION = YES;
				CLANG_WARN_RANGE_LOOP_ANALYSIS = YES;
				CLANG_WARN_STRICT_PROTOTYPES = YES;
				CLANG_WARN_SUSPICIOUS_MOVE = YES;
				CLANG_WARN_UNREACHABLE_CODE = YES;
				CLANG_WARN__DUPLICATE_METHOD_MATCH = YES;
				DEBUG_INFORMATION_FORMAT = dwarf;
				ENABLE_STRICT_OBJC_MSGSEND = YES;
				ENABLE_TESTABILITY = NO;
				GCC_C_LANGUAGE_STANDARD = c11;
				GCC_INLINES_ARE_PRIVATE_EXTERN = YES;
				GCC_MODEL_TUNING = G5;
				GCC_NO_COMMON_BLOCKS = YES;
				GCC_SYMBOLS_PRIVATE_EXTERN = YES;
				GCC_WARN_64_TO_32_BIT_CONVERSION = YES;
				GCC_WARN_ABOUT_RETURN_TYPE = YES;
				GCC_WARN_CHECK_SWITCH_STATEMENTS = YES;
				GCC_WARN_MISSING_PARENTHESES = YES;
				GCC_WARN_NON_VIRTUAL_DESTRUCTOR = YES;
				GCC_WARN_TYPECHECK_CALLS_TO_PRINTF = YES;
				GCC_WARN_UNDECLARED_SELECTOR = YES;
				GCC_WARN_UNINITIALIZED_AUTOS = YES;
				GCC_WARN_UNUSED_FUNCTION = YES;
				GCC_WARN_UNUSED_VARIABLE = YES;
				ONLY_ACTIVE_ARCH = YES;
				PRODUCT_NAME = "Wavetable";
				SDKROOT = macosx;
				WARNING_CFLAGS = "-Wreorder";
				ZERO_LINK = NO;
			};
			name = Debug;
		};
		F40964DA8FB81BE52CAB973C /* Debug */ = {
			isa = XCBuildConfiguration;
			buildSettings = {
				CLANG_CXX_LANGUAGE_STANDARD = "c++17";
				CLANG_CXX_LIBRARY = "libc++";
				CLANG_LINK_OBJC_RUNTIME = NO;
				COMBINE_HIDPI_IMAGES = YES;
				CONFIGURATION_BUILD_DIR = "$(PROJECT_DIR)/build/$(CONFIGURATION)";
				COPY_PHASE_STRIP = NO;
				EXCLUDED_ARCHS = "";
				GCC_DYNAMIC_NO_PIC = NO;
				GCC_OPTIMIZATION_LEVEL = 0;
				GCC_PREPROCESSOR_DEFINITIONS = (
					"_DEBUG=1",
					"DEBUG=1",
					"JUCE_DISPLAY_SPLASH_SCREEN=1",
					"JUCE_USE_DARK_SPLASH_SCREEN=1",
					"JUCE_PROJUCER_VERSION=0x70005",
					"JUCE_MODULE_AVAILABLE_juce_audio_basics=1",
					"JUCE_MODULE_AVAILABLE_juce_audio_devices=1",
					"JUCE_MODULE_AVAILABLE_juce_audio_formats=1",
					"JUCE_MODULE_AVAILABLE_juce_audio_processors=1",
					"JUCE_MODULE_AVAILABLE_juce_audio_utils=1",
					"JUCE_MODULE_AVAILABLE_juce_core=1",
					"JUCE_MODULE_AVAILABLE_juce_data_structures=1",
					"JUCE_MODULE_AVAILABLE_juce_dsp=1",
					"JUCE_MODULE_AVAILABLE_juce_events=1",
					"JUCE_MODULE_AVAILABLE_juce_graphics=1",
					"JUCE_MODULE_AVAILABLE_juce_gui_basics=1",
					"JUCE_MODULE_AVAILABLE_juce_gui_extra=1",
					"JUCE_GLOBAL_MODULE_SETTINGS_INCLUDED=1",
					"JUCE_STRICT_REFCOUNTEDPOINTER=1",
					"JUCE_STANDALONE_APPLICATION=1",
					"JUCE_USE_CUSTOM_PLUGIN_STANDALONE_APP=1",
					"JUCER_XCODE_MAC_F6D2F4CF=1",
					"JUCE_APP_VERSION=1.0.0",
					"JUCE_APP_VERSION_HEX=0x10000",
					"JucePlugin_Build_VST=0",
					"JucePlugin_Build_VST3=0",
					"JucePlugin_Build_AU=0",
					"JucePlugin_Build_AUv3=0",
					"JucePlugin_Build_AAX=0",
					"JucePlugin_Build_Standalone=0",
					"JucePlugin_Build_Unity=0",
					"JucePlugin_Build_LV2=0",
				);
				GCC_VERSION = com.apple.compilers.llvm.clang.1_0;
				HEADER_SEARCH_PATHS = (
					"$(SRCROOT)/../../JuceLibraryCode",
					"/Users/eclewlow/Downloads/JUCE-develop/modules",
					"$(inherited)",
				);
				INFOPLIST_FILE = Info-App.plist;
				INFOPLIST_PREPROCESS = NO;
				INSTALL_PATH = "$(HOME)/Applications";
				MACOSX_DEPLOYMENT_TARGET = 10.13;
				MTL_HEADER_SEARCH_PATHS = "$(SRCROOT)/../../JuceLibraryCode /Users/eclewlow/Downloads/JUCE-develop/modules";
				OTHER_LDFLAGS = "-weak_framework Metal -weak_framework MetalKit";
				PRODUCT_BUNDLE_IDENTIFIER = com.yourcompany.Wavetable;
				PRODUCT_NAME = "Wavetable";
				USE_HEADERMAP = NO;
				VALID_ARCHS = "i386 x86_64 arm64 arm64e";
			};
			name = Debug;
		};
/* End XCBuildConfiguration section */

/* Begin XCConfigurationList section */
		470C0315B0FEE5D656BC67C2 = {
			isa = XCConfigurationList;
			buildConfigurations = (
				6783C4F8FE988CA05B0ED27D,
				712EF60C55D97B6CB34CC0B1,
			);
			defaultConfigurationIsVisible = 0;
			defaultConfigurationName = Debug;
		};
		D337F753B90D00CA2979E30E = {
			isa = XCConfigurationList;
			buildConfigurations = (
				F40964DA8FB81BE52CAB973C,
				1657F2CDA1D61B716C404C3F,
			);
			defaultConfigurationIsVisible = 0;
			defaultConfigurationName = Debug;
		};
/* End XCConfigurationList section */
	};
	rootObject = 166A52FAE7AC61FA2A36C6E4 /* Project object */;
}
